// !$*UTF8*$!
{
	archiveVersion = 1;
	classes = {
	};
	objectVersion = 48;
	objects = {

/* Begin PBXBuildFile section */
		019EFDC215567496DE9A47EC /* Pods_HelloWorld.framework in Frameworks */ = {isa = PBXBuildFile; fileRef = 9D849DF36D4DF68178DE4962 /* Pods_HelloWorld.framework */; };
		B917FAD320860DEE00B65D9F /* FirstViewController.swift in Sources */ = {isa = PBXBuildFile; fileRef = B917FAD220860DEE00B65D9F /* FirstViewController.swift */; };
		B917FAD520860FC500B65D9F /* TakephotoViewController.swift in Sources */ = {isa = PBXBuildFile; fileRef = B917FAD420860FC500B65D9F /* TakephotoViewController.swift */; };
		B917FAD720879F1C00B65D9F /* camera.png in Resources */ = {isa = PBXBuildFile; fileRef = B917FAD620879F1C00B65D9F /* camera.png */; };
		B917FAD920879F2A00B65D9F /* photolibrary.jpg in Resources */ = {isa = PBXBuildFile; fileRef = B917FAD820879F2A00B65D9F /* photolibrary.jpg */; };
		B917FADB20879F5400B65D9F /* images.png in Resources */ = {isa = PBXBuildFile; fileRef = B917FADA20879F5400B65D9F /* images.png */; };
		B917FADD20879FCD00B65D9F /* new.png in Resources */ = {isa = PBXBuildFile; fileRef = B917FADC20879FCD00B65D9F /* new.png */; };
		B917FADF2087A03A00B65D9F /* new1.png in Resources */ = {isa = PBXBuildFile; fileRef = B917FADE2087A03A00B65D9F /* new1.png */; };
		B917FAE12087A07900B65D9F /* new_photo.jpg in Resources */ = {isa = PBXBuildFile; fileRef = B917FAE02087A07800B65D9F /* new_photo.jpg */; };
		B938F930208104A600683235 /* FaceClassifier1.mlmodel in Sources */ = {isa = PBXBuildFile; fileRef = B938F92F208104A600683235 /* FaceClassifier1.mlmodel */; };
		B9DCC3A02072920E0024BF69 /* AppDelegate.swift in Sources */ = {isa = PBXBuildFile; fileRef = B9DCC39F2072920E0024BF69 /* AppDelegate.swift */; };
		B9DCC3A22072920E0024BF69 /* ViewController.swift in Sources */ = {isa = PBXBuildFile; fileRef = B9DCC3A12072920E0024BF69 /* ViewController.swift */; };
		B9DCC3A52072920E0024BF69 /* Main.storyboard in Resources */ = {isa = PBXBuildFile; fileRef = B9DCC3A32072920E0024BF69 /* Main.storyboard */; };
		B9DCC3A72072920E0024BF69 /* Assets.xcassets in Resources */ = {isa = PBXBuildFile; fileRef = B9DCC3A62072920E0024BF69 /* Assets.xcassets */; };
		B9DCC3AA2072920E0024BF69 /* LaunchScreen.storyboard in Resources */ = {isa = PBXBuildFile; fileRef = B9DCC3A82072920E0024BF69 /* LaunchScreen.storyboard */; };
		B9DCC57320750FEE0024BF69 /* GoogleService-Info.plist in Resources */ = {isa = PBXBuildFile; fileRef = B9DCC57220750FEE0024BF69 /* GoogleService-Info.plist */; };
		C27D65C82092895500F8F21F /* bigicon.png in Resources */ = {isa = PBXBuildFile; fileRef = C27D65C72092895400F8F21F /* bigicon.png */; };
/* End PBXBuildFile section */

/* Begin PBXFileReference section */
		9D849DF36D4DF68178DE4962 /* Pods_HelloWorld.framework */ = {isa = PBXFileReference; explicitFileType = wrapper.framework; includeInIndex = 0; path = Pods_HelloWorld.framework; sourceTree = BUILT_PRODUCTS_DIR; };
		ACCF56551C7656ABFDCBF606 /* Pods-HelloWorld.release.xcconfig */ = {isa = PBXFileReference; includeInIndex = 1; lastKnownFileType = text.xcconfig; name = "Pods-HelloWorld.release.xcconfig"; path = "Pods/Target Support Files/Pods-HelloWorld/Pods-HelloWorld.release.xcconfig"; sourceTree = "<group>"; };
		B917FAD220860DEE00B65D9F /* FirstViewController.swift */ = {isa = PBXFileReference; lastKnownFileType = sourcecode.swift; path = FirstViewController.swift; sourceTree = "<group>"; };
		B917FAD420860FC500B65D9F /* TakephotoViewController.swift */ = {isa = PBXFileReference; lastKnownFileType = sourcecode.swift; path = TakephotoViewController.swift; sourceTree = "<group>"; };
		B917FAD620879F1C00B65D9F /* camera.png */ = {isa = PBXFileReference; lastKnownFileType = image.png; path = camera.png; sourceTree = "<group>"; };
		B917FAD820879F2A00B65D9F /* photolibrary.jpg */ = {isa = PBXFileReference; lastKnownFileType = image.jpeg; path = photolibrary.jpg; sourceTree = "<group>"; };
		B917FADA20879F5400B65D9F /* images.png */ = {isa = PBXFileReference; lastKnownFileType = image.png; path = images.png; sourceTree = "<group>"; };
		B917FADC20879FCD00B65D9F /* new.png */ = {isa = PBXFileReference; lastKnownFileType = image.png; path = new.png; sourceTree = "<group>"; };
		B917FADE2087A03A00B65D9F /* new1.png */ = {isa = PBXFileReference; lastKnownFileType = image.png; path = new1.png; sourceTree = "<group>"; };
		B917FAE02087A07800B65D9F /* new_photo.jpg */ = {isa = PBXFileReference; lastKnownFileType = image.jpeg; path = new_photo.jpg; sourceTree = "<group>"; };
		B938F92F208104A600683235 /* FaceClassifier1.mlmodel */ = {isa = PBXFileReference; lastKnownFileType = file.mlmodel; path = FaceClassifier1.mlmodel; sourceTree = "<group>"; };
		B9DCC39C2072920E0024BF69 /* HelloWorld.app */ = {isa = PBXFileReference; explicitFileType = wrapper.application; includeInIndex = 0; path = HelloWorld.app; sourceTree = BUILT_PRODUCTS_DIR; };
		B9DCC39F2072920E0024BF69 /* AppDelegate.swift */ = {isa = PBXFileReference; lastKnownFileType = sourcecode.swift; path = AppDelegate.swift; sourceTree = "<group>"; };
		B9DCC3A12072920E0024BF69 /* ViewController.swift */ = {isa = PBXFileReference; lastKnownFileType = sourcecode.swift; path = ViewController.swift; sourceTree = "<group>"; };
		B9DCC3A42072920E0024BF69 /* Base */ = {isa = PBXFileReference; lastKnownFileType = file.storyboard; name = Base; path = Base.lproj/Main.storyboard; sourceTree = "<group>"; };
		B9DCC3A62072920E0024BF69 /* Assets.xcassets */ = {isa = PBXFileReference; lastKnownFileType = folder.assetcatalog; path = Assets.xcassets; sourceTree = "<group>"; };
		B9DCC3A92072920E0024BF69 /* Base */ = {isa = PBXFileReference; lastKnownFileType = file.storyboard; name = Base; path = Base.lproj/LaunchScreen.storyboard; sourceTree = "<group>"; };
		B9DCC3AB2072920E0024BF69 /* Info.plist */ = {isa = PBXFileReference; lastKnownFileType = text.plist.xml; path = Info.plist; sourceTree = "<group>"; };
		B9DCC57220750FEE0024BF69 /* GoogleService-Info.plist */ = {isa = PBXFileReference; fileEncoding = 4; lastKnownFileType = text.plist.xml; path = "GoogleService-Info.plist"; sourceTree = "<group>"; };
		C27D65C72092895400F8F21F /* bigicon.png */ = {isa = PBXFileReference; lastKnownFileType = image.png; name = bigicon.png; path = ../../../../Prototypes/start_screens/bigicon.png; sourceTree = "<group>"; };
		EE195FB68FA70089944CCC2B /* Pods-HelloWorld.debug.xcconfig */ = {isa = PBXFileReference; includeInIndex = 1; lastKnownFileType = text.xcconfig; name = "Pods-HelloWorld.debug.xcconfig"; path = "Pods/Target Support Files/Pods-HelloWorld/Pods-HelloWorld.debug.xcconfig"; sourceTree = "<group>"; };
/* End PBXFileReference section */

/* Begin PBXFrameworksBuildPhase section */
		B9DCC3992072920E0024BF69 /* Frameworks */ = {
			isa = PBXFrameworksBuildPhase;
			buildActionMask = 2147483647;
			files = (
				019EFDC215567496DE9A47EC /* Pods_HelloWorld.framework in Frameworks */,
			);
			runOnlyForDeploymentPostprocessing = 0;
		};
/* End PBXFrameworksBuildPhase section */

/* Begin PBXGroup section */
		011AD94C4A02EFA1D7A0A803 /* Frameworks */ = {
			isa = PBXGroup;
			children = (
				9D849DF36D4DF68178DE4962 /* Pods_HelloWorld.framework */,
			);
			name = Frameworks;
			sourceTree = "<group>";
		};
		B9DCC3932072920E0024BF69 = {
			isa = PBXGroup;
			children = (
				B9DCC39E2072920E0024BF69 /* HelloWorld */,
				B9DCC39D2072920E0024BF69 /* Products */,
				DDEFE6BD04AD06035E1B7FE2 /* Pods */,
				011AD94C4A02EFA1D7A0A803 /* Frameworks */,
			);
			sourceTree = "<group>";
		};
		B9DCC39D2072920E0024BF69 /* Products */ = {
			isa = PBXGroup;
			children = (
				B9DCC39C2072920E0024BF69 /* HelloWorld.app */,
			);
			name = Products;
			sourceTree = "<group>";
		};
		B9DCC39E2072920E0024BF69 /* HelloWorld */ = {
			isa = PBXGroup;
			children = (
				B938F92F208104A600683235 /* FaceClassifier1.mlmodel */,
				B9DCC39F2072920E0024BF69 /* AppDelegate.swift */,
				B9DCC3A12072920E0024BF69 /* ViewController.swift */,
				B9DCC3A32072920E0024BF69 /* Main.storyboard */,
				B917FAD220860DEE00B65D9F /* FirstViewController.swift */,
				C27D65C72092895400F8F21F /* bigicon.png */,
				B917FAD420860FC500B65D9F /* TakephotoViewController.swift */,
				B9DCC3A62072920E0024BF69 /* Assets.xcassets */,
				B9DCC3A82072920E0024BF69 /* LaunchScreen.storyboard */,
				B917FADA20879F5400B65D9F /* images.png */,
				B917FAE02087A07800B65D9F /* new_photo.jpg */,
				B917FADC20879FCD00B65D9F /* new.png */,
				B917FADE2087A03A00B65D9F /* new1.png */,
				B917FAD820879F2A00B65D9F /* photolibrary.jpg */,
				B917FAD620879F1C00B65D9F /* camera.png */,
				B9DCC3AB2072920E0024BF69 /* Info.plist */,
				B9DCC57220750FEE0024BF69 /* GoogleService-Info.plist */,
			);
			path = HelloWorld;
			sourceTree = "<group>";
		};
		DDEFE6BD04AD06035E1B7FE2 /* Pods */ = {
			isa = PBXGroup;
			children = (
				EE195FB68FA70089944CCC2B /* Pods-HelloWorld.debug.xcconfig */,
				ACCF56551C7656ABFDCBF606 /* Pods-HelloWorld.release.xcconfig */,
			);
			name = Pods;
			sourceTree = "<group>";
		};
/* End PBXGroup section */

/* Begin PBXNativeTarget section */
		B9DCC39B2072920E0024BF69 /* HelloWorld */ = {
			isa = PBXNativeTarget;
			buildConfigurationList = B9DCC3AE2072920E0024BF69 /* Build configuration list for PBXNativeTarget "HelloWorld" */;
			buildPhases = (
				32F9D70CB80789158247613F /* [CP] Check Pods Manifest.lock */,
				B9DCC3982072920E0024BF69 /* Sources */,
				B9DCC3992072920E0024BF69 /* Frameworks */,
				B9DCC39A2072920E0024BF69 /* Resources */,
				72F009724027570A6C370A0B /* [CP] Embed Pods Frameworks */,
				A3EA1193A9FFBFD14D62C484 /* [CP] Copy Pods Resources */,
			);
			buildRules = (
			);
			dependencies = (
			);
			name = HelloWorld;
			productName = HelloWorld;
			productReference = B9DCC39C2072920E0024BF69 /* HelloWorld.app */;
			productType = "com.apple.product-type.application";
		};
/* End PBXNativeTarget section */

/* Begin PBXProject section */
		B9DCC3942072920E0024BF69 /* Project object */ = {
			isa = PBXProject;
			attributes = {
				LastSwiftUpdateCheck = 0920;
				LastUpgradeCheck = 0920;
				ORGANIZATIONNAME = kewser;
				TargetAttributes = {
					B9DCC39B2072920E0024BF69 = {
						CreatedOnToolsVersion = 9.2;
						ProvisioningStyle = Automatic;
					};
				};
			};
			buildConfigurationList = B9DCC3972072920E0024BF69 /* Build configuration list for PBXProject "HelloWorld" */;
			compatibilityVersion = "Xcode 8.0";
			developmentRegion = en;
			hasScannedForEncodings = 0;
			knownRegions = (
				en,
				Base,
			);
			mainGroup = B9DCC3932072920E0024BF69;
			productRefGroup = B9DCC39D2072920E0024BF69 /* Products */;
			projectDirPath = "";
			projectRoot = "";
			targets = (
				B9DCC39B2072920E0024BF69 /* HelloWorld */,
			);
		};
/* End PBXProject section */

/* Begin PBXResourcesBuildPhase section */
		B9DCC39A2072920E0024BF69 /* Resources */ = {
			isa = PBXResourcesBuildPhase;
			buildActionMask = 2147483647;
			files = (
				B9DCC3AA2072920E0024BF69 /* LaunchScreen.storyboard in Resources */,
				B9DCC57320750FEE0024BF69 /* GoogleService-Info.plist in Resources */,
				B917FADF2087A03A00B65D9F /* new1.png in Resources */,
				B917FAD920879F2A00B65D9F /* photolibrary.jpg in Resources */,
				B9DCC3A72072920E0024BF69 /* Assets.xcassets in Resources */,
				C27D65C82092895500F8F21F /* bigicon.png in Resources */,
				B917FAE12087A07900B65D9F /* new_photo.jpg in Resources */,
				B917FADD20879FCD00B65D9F /* new.png in Resources */,
				B917FADB20879F5400B65D9F /* images.png in Resources */,
				B9DCC3A52072920E0024BF69 /* Main.storyboard in Resources */,
				B917FAD720879F1C00B65D9F /* camera.png in Resources */,
			);
			runOnlyForDeploymentPostprocessing = 0;
		};
/* End PBXResourcesBuildPhase section */

/* Begin PBXShellScriptBuildPhase section */
		32F9D70CB80789158247613F /* [CP] Check Pods Manifest.lock */ = {
			isa = PBXShellScriptBuildPhase;
			buildActionMask = 2147483647;
			files = (
			);
			inputPaths = (
				"${PODS_PODFILE_DIR_PATH}/Podfile.lock",
				"${PODS_ROOT}/Manifest.lock",
			);
			name = "[CP] Check Pods Manifest.lock";
			outputPaths = (
				"$(DERIVED_FILE_DIR)/Pods-HelloWorld-checkManifestLockResult.txt",
			);
			runOnlyForDeploymentPostprocessing = 0;
			shellPath = /bin/sh;
			shellScript = "diff \"${PODS_PODFILE_DIR_PATH}/Podfile.lock\" \"${PODS_ROOT}/Manifest.lock\" > /dev/null\nif [ $? != 0 ] ; then\n    # print error to STDERR\n    echo \"error: The sandbox is not in sync with the Podfile.lock. Run 'pod install' or update your CocoaPods installation.\" >&2\n    exit 1\nfi\n# This output is used by Xcode 'outputs' to avoid re-running this script phase.\necho \"SUCCESS\" > \"${SCRIPT_OUTPUT_FILE_0}\"\n";
			showEnvVarsInLog = 0;
		};
		72F009724027570A6C370A0B /* [CP] Embed Pods Frameworks */ = {
			isa = PBXShellScriptBuildPhase;
			buildActionMask = 2147483647;
			files = (
			);
			inputPaths = (
				"${SRCROOT}/Pods/Target Support Files/Pods-HelloWorld/Pods-HelloWorld-frameworks.sh",
				"${BUILT_PRODUCTS_DIR}/GTMSessionFetcher/GTMSessionFetcher.framework",
				"${BUILT_PRODUCTS_DIR}/GoogleToolboxForMac/GoogleToolboxForMac.framework",
				"${BUILT_PRODUCTS_DIR}/leveldb-library/leveldb.framework",
				"${BUILT_PRODUCTS_DIR}/nanopb/nanopb.framework",
			);
			name = "[CP] Embed Pods Frameworks";
			outputPaths = (
				"${TARGET_BUILD_DIR}/${FRAMEWORKS_FOLDER_PATH}/GTMSessionFetcher.framework",
				"${TARGET_BUILD_DIR}/${FRAMEWORKS_FOLDER_PATH}/GoogleToolboxForMac.framework",
				"${TARGET_BUILD_DIR}/${FRAMEWORKS_FOLDER_PATH}/leveldb.framework",
				"${TARGET_BUILD_DIR}/${FRAMEWORKS_FOLDER_PATH}/nanopb.framework",
			);
			runOnlyForDeploymentPostprocessing = 0;
			shellPath = /bin/sh;
			shellScript = "\"${SRCROOT}/Pods/Target Support Files/Pods-HelloWorld/Pods-HelloWorld-frameworks.sh\"\n";
			showEnvVarsInLog = 0;
		};
		A3EA1193A9FFBFD14D62C484 /* [CP] Copy Pods Resources */ = {
			isa = PBXShellScriptBuildPhase;
			buildActionMask = 2147483647;
			files = (
			);
			inputPaths = (
			);
			name = "[CP] Copy Pods Resources";
			outputPaths = (
			);
			runOnlyForDeploymentPostprocessing = 0;
			shellPath = /bin/sh;
			shellScript = "\"${SRCROOT}/Pods/Target Support Files/Pods-HelloWorld/Pods-HelloWorld-resources.sh\"\n";
			showEnvVarsInLog = 0;
		};
/* End PBXShellScriptBuildPhase section */

/* Begin PBXSourcesBuildPhase section */
		B9DCC3982072920E0024BF69 /* Sources */ = {
			isa = PBXSourcesBuildPhase;
			buildActionMask = 2147483647;
			files = (
				B938F930208104A600683235 /* FaceClassifier1.mlmodel in Sources */,
				B9DCC3A22072920E0024BF69 /* ViewController.swift in Sources */,
				B917FAD520860FC500B65D9F /* TakephotoViewController.swift in Sources */,
				B9DCC3A02072920E0024BF69 /* AppDelegate.swift in Sources */,
				B917FAD320860DEE00B65D9F /* FirstViewController.swift in Sources */,
			);
			runOnlyForDeploymentPostprocessing = 0;
		};
/* End PBXSourcesBuildPhase section */

/* Begin PBXVariantGroup section */
		B9DCC3A32072920E0024BF69 /* Main.storyboard */ = {
			isa = PBXVariantGroup;
			children = (
				B9DCC3A42072920E0024BF69 /* Base */,
			);
			name = Main.storyboard;
			sourceTree = "<group>";
		};
		B9DCC3A82072920E0024BF69 /* LaunchScreen.storyboard */ = {
			isa = PBXVariantGroup;
			children = (
				B9DCC3A92072920E0024BF69 /* Base */,
			);
			name = LaunchScreen.storyboard;
			sourceTree = "<group>";
		};
/* End PBXVariantGroup section */

/* Begin XCBuildConfiguration section */
		B9DCC3AC2072920E0024BF69 /* Debug */ = {
			isa = XCBuildConfiguration;
			buildSettings = {
				ALWAYS_SEARCH_USER_PATHS = NO;
				CLANG_ANALYZER_NONNULL = YES;
				CLANG_ANALYZER_NUMBER_OBJECT_CONVERSION = YES_AGGRESSIVE;
				CLANG_CXX_LANGUAGE_STANDARD = "gnu++14";
				CLANG_CXX_LIBRARY = "libc++";
				CLANG_ENABLE_MODULES = YES;
				CLANG_ENABLE_OBJC_ARC = YES;
				CLANG_WARN_BLOCK_CAPTURE_AUTORELEASING = YES;
				CLANG_WARN_BOOL_CONVERSION = YES;
				CLANG_WARN_COMMA = YES;
				CLANG_WARN_CONSTANT_CONVERSION = YES;
				CLANG_WARN_DIRECT_OBJC_ISA_USAGE = YES_ERROR;
				CLANG_WARN_DOCUMENTATION_COMMENTS = YES;
				CLANG_WARN_EMPTY_BODY = YES;
				CLANG_WARN_ENUM_CONVERSION = YES;
				CLANG_WARN_INFINITE_RECURSION = YES;
				CLANG_WARN_INT_CONVERSION = YES;
				CLANG_WARN_NON_LITERAL_NULL_CONVERSION = YES;
				CLANG_WARN_OBJC_LITERAL_CONVERSION = YES;
				CLANG_WARN_OBJC_ROOT_CLASS = YES_ERROR;
				CLANG_WARN_RANGE_LOOP_ANALYSIS = YES;
				CLANG_WARN_STRICT_PROTOTYPES = YES;
				CLANG_WARN_SUSPICIOUS_MOVE = YES;
				CLANG_WARN_UNGUARDED_AVAILABILITY = YES_AGGRESSIVE;
				CLANG_WARN_UNREACHABLE_CODE = YES;
				CLANG_WARN__DUPLICATE_METHOD_MATCH = YES;
				CODE_SIGN_IDENTITY = "iPhone Developer";
				COPY_PHASE_STRIP = NO;
				DEBUG_INFORMATION_FORMAT = dwarf;
				ENABLE_STRICT_OBJC_MSGSEND = YES;
				ENABLE_TESTABILITY = YES;
				GCC_C_LANGUAGE_STANDARD = gnu11;
				GCC_DYNAMIC_NO_PIC = NO;
				GCC_NO_COMMON_BLOCKS = YES;
				GCC_OPTIMIZATION_LEVEL = 0;
				GCC_PREPROCESSOR_DEFINITIONS = (
					"DEBUG=1",
					"$(inherited)",
				);
				GCC_WARN_64_TO_32_BIT_CONVERSION = YES;
				GCC_WARN_ABOUT_RETURN_TYPE = YES_ERROR;
				GCC_WARN_UNDECLARED_SELECTOR = YES;
				GCC_WARN_UNINITIALIZED_AUTOS = YES_AGGRESSIVE;
				GCC_WARN_UNUSED_FUNCTION = YES;
				GCC_WARN_UNUSED_VARIABLE = YES;
				IPHONEOS_DEPLOYMENT_TARGET = 11.2;
				MTL_ENABLE_DEBUG_INFO = YES;
				ONLY_ACTIVE_ARCH = YES;
				SDKROOT = iphoneos;
				SWIFT_ACTIVE_COMPILATION_CONDITIONS = DEBUG;
				SWIFT_OPTIMIZATION_LEVEL = "-Onone";
			};
			name = Debug;
		};
		B9DCC3AD2072920E0024BF69 /* Release */ = {
			isa = XCBuildConfiguration;
			buildSettings = {
				ALWAYS_SEARCH_USER_PATHS = NO;
				CLANG_ANALYZER_NONNULL = YES;
				CLANG_ANALYZER_NUMBER_OBJECT_CONVERSION = YES_AGGRESSIVE;
				CLANG_CXX_LANGUAGE_STANDARD = "gnu++14";
				CLANG_CXX_LIBRARY = "libc++";
				CLANG_ENABLE_MODULES = YES;
				CLANG_ENABLE_OBJC_ARC = YES;
				CLANG_WARN_BLOCK_CAPTURE_AUTORELEASING = YES;
				CLANG_WARN_BOOL_CONVERSION = YES;
				CLANG_WARN_COMMA = YES;
				CLANG_WARN_CONSTANT_CONVERSION = YES;
				CLANG_WARN_DIRECT_OBJC_ISA_USAGE = YES_ERROR;
				CLANG_WARN_DOCUMENTATION_COMMENTS = YES;
				CLANG_WARN_EMPTY_BODY = YES;
				CLANG_WARN_ENUM_CONVERSION = YES;
				CLANG_WARN_INFINITE_RECURSION = YES;
				CLANG_WARN_INT_CONVERSION = YES;
				CLANG_WARN_NON_LITERAL_NULL_CONVERSION = YES;
				CLANG_WARN_OBJC_LITERAL_CONVERSION = YES;
				CLANG_WARN_OBJC_ROOT_CLASS = YES_ERROR;
				CLANG_WARN_RANGE_LOOP_ANALYSIS = YES;
				CLANG_WARN_STRICT_PROTOTYPES = YES;
				CLANG_WARN_SUSPICIOUS_MOVE = YES;
				CLANG_WARN_UNGUARDED_AVAILABILITY = YES_AGGRESSIVE;
				CLANG_WARN_UNREACHABLE_CODE = YES;
				CLANG_WARN__DUPLICATE_METHOD_MATCH = YES;
				CODE_SIGN_IDENTITY = "iPhone Developer";
				COPY_PHASE_STRIP = NO;
				DEBUG_INFORMATION_FORMAT = "dwarf-with-dsym";
				ENABLE_NS_ASSERTIONS = NO;
				ENABLE_STRICT_OBJC_MSGSEND = YES;
				GCC_C_LANGUAGE_STANDARD = gnu11;
				GCC_NO_COMMON_BLOCKS = YES;
				GCC_WARN_64_TO_32_BIT_CONVERSION = YES;
				GCC_WARN_ABOUT_RETURN_TYPE = YES_ERROR;
				GCC_WARN_UNDECLARED_SELECTOR = YES;
				GCC_WARN_UNINITIALIZED_AUTOS = YES_AGGRESSIVE;
				GCC_WARN_UNUSED_FUNCTION = YES;
				GCC_WARN_UNUSED_VARIABLE = YES;
				IPHONEOS_DEPLOYMENT_TARGET = 11.2;
				MTL_ENABLE_DEBUG_INFO = NO;
				SDKROOT = iphoneos;
				SWIFT_OPTIMIZATION_LEVEL = "-Owholemodule";
				VALIDATE_PRODUCT = YES;
			};
			name = Release;
		};
		B9DCC3AF2072920E0024BF69 /* Debug */ = {
			isa = XCBuildConfiguration;
			baseConfigurationReference = EE195FB68FA70089944CCC2B /* Pods-HelloWorld.debug.xcconfig */;
			buildSettings = {
				ASSETCATALOG_COMPILER_APPICON_NAME = AppIcon;
				CODE_SIGN_STYLE = Automatic;
				DEVELOPMENT_TEAM = JV88J8G2VS;
				INFOPLIST_FILE = HelloWorld/Info.plist;
				LD_RUNPATH_SEARCH_PATHS = "$(inherited) @executable_path/Frameworks";
				PRODUCT_BUNDLE_IDENTIFIER = com.kewser.HelloWorld;
				PRODUCT_NAME = "$(TARGET_NAME)";
				SWIFT_VERSION = 4.0;
				TARGETED_DEVICE_FAMILY = "1,2";
			};
			name = Debug;
		};
		B9DCC3B02072920E0024BF69 /* Release */ = {
			isa = XCBuildConfiguration;
			baseConfigurationReference = ACCF56551C7656ABFDCBF606 /* Pods-HelloWorld.release.xcconfig */;
			buildSettings = {
				ASSETCATALOG_COMPILER_APPICON_NAME = AppIcon;
				CODE_SIGN_STYLE = Automatic;
				DEVELOPMENT_TEAM = JV88J8G2VS;
				INFOPLIST_FILE = HelloWorld/Info.plist;
				LD_RUNPATH_SEARCH_PATHS = "$(inherited) @executable_path/Frameworks";
				PRODUCT_BUNDLE_IDENTIFIER = com.kewser.HelloWorld;
				PRODUCT_NAME = "$(TARGET_NAME)";
				SWIFT_VERSION = 4.0;
				TARGETED_DEVICE_FAMILY = "1,2";
			};
			name = Release;
		};
/* End XCBuildConfiguration section */

/* Begin XCConfigurationList section */
		B9DCC3972072920E0024BF69 /* Build configuration list for PBXProject "HelloWorld" */ = {
			isa = XCConfigurationList;
			buildConfigurations = (
				B9DCC3AC2072920E0024BF69 /* Debug */,
				B9DCC3AD2072920E0024BF69 /* Release */,
			);
			defaultConfigurationIsVisible = 0;
			defaultConfigurationName = Release;
		};
		B9DCC3AE2072920E0024BF69 /* Build configuration list for PBXNativeTarget "HelloWorld" */ = {
			isa = XCConfigurationList;
			buildConfigurations = (
				B9DCC3AF2072920E0024BF69 /* Debug */,
				B9DCC3B02072920E0024BF69 /* Release */,
			);
			defaultConfigurationIsVisible = 0;
			defaultConfigurationName = Release;
		};
/* End XCConfigurationList section */
	};
	rootObject = B9DCC3942072920E0024BF69 /* Project object */;
}
